
Microsoft Visual Studio Solution File, Format Version 12.00
# Visual Studio Version 16
VisualStudioVersion = 25.0.1705.6
MinimumVisualStudioVersion = 10.0.40219.1
Project("{FAE04EC0-301F-11D3-BF4B-00C04F79EFBC}") = "ThrillRideTrackerApp.Android", "ThrillRideTrackerApp.Android\ThrillRideTrackerApp.Android.csproj", "{FCA214B8-8B14-4F36-A19A-37B4B3C5485A}"
EndProject
Project("{FAE04EC0-301F-11D3-BF4B-00C04F79EFBC}") = "ThrillRideTrackerApp.iOS", "ThrillRideTrackerApp.iOS\ThrillRideTrackerApp.iOS.csproj", "{25F46A6F-1979-4A7C-969A-9AFD71E8EE11}"
EndProject
Project("{FAE04EC0-301F-11D3-BF4B-00C04F79EFBC}") = "ThrillRideTrackerApp", "ThrillRideTrackerApp\ThrillRideTrackerApp.csproj", "{7DFCC0EB-E8A5-4BDB-B1F6-AECF4FFE6790}"
EndProject
Global
	GlobalSection(SolutionConfigurationPlatforms) = preSolution
		Debug|Any CPU = Debug|Any CPU
		Release|Any CPU = Release|Any CPU
		Debug|iPhoneSimulator = Debug|iPhoneSimulator
		Release|iPhoneSimulator = Release|iPhoneSimulator
		Debug|iPhone = Debug|iPhone
		Release|iPhone = Release|iPhone
	EndGlobalSection
	GlobalSection(ProjectConfigurationPlatforms) = postSolution
		{FCA214B8-8B14-4F36-A19A-37B4B3C5485A}.Debug|Any CPU.ActiveCfg = Debug|Any CPU
		{FCA214B8-8B14-4F36-A19A-37B4B3C5485A}.Debug|Any CPU.Build.0 = Debug|Any CPU
		{FCA214B8-8B14-4F36-A19A-37B4B3C5485A}.Release|Any CPU.ActiveCfg = Release|Any CPU
		{FCA214B8-8B14-4F36-A19A-37B4B3C5485A}.Release|Any CPU.Build.0 = Release|Any CPU
		{FCA214B8-8B14-4F36-A19A-37B4B3C5485A}.Debug|iPhoneSimulator.ActiveCfg = Debug|Any CPU
		{FCA214B8-8B14-4F36-A19A-37B4B3C5485A}.Debug|iPhoneSimulator.Build.0 = Debug|Any CPU
		{FCA214B8-8B14-4F36-A19A-37B4B3C5485A}.Release|iPhoneSimulator.ActiveCfg = Release|Any CPU
		{FCA214B8-8B14-4F36-A19A-37B4B3C5485A}.Release|iPhoneSimulator.Build.0 = Release|Any CPU
		{FCA214B8-8B14-4F36-A19A-37B4B3C5485A}.Debug|iPhone.ActiveCfg = Debug|Any CPU
		{FCA214B8-8B14-4F36-A19A-37B4B3C5485A}.Debug|iPhone.Build.0 = Debug|Any CPU
		{FCA214B8-8B14-4F36-A19A-37B4B3C5485A}.Release|iPhone.ActiveCfg = Release|Any CPU
		{FCA214B8-8B14-4F36-A19A-37B4B3C5485A}.Release|iPhone.Build.0 = Release|Any CPU
		{25F46A6F-1979-4A7C-969A-9AFD71E8EE11}.Debug|Any CPU.ActiveCfg = Debug|iPhoneSimulator
		{25F46A6F-1979-4A7C-969A-9AFD71E8EE11}.Debug|Any CPU.Build.0 = Debug|iPhoneSimulator
		{25F46A6F-1979-4A7C-969A-9AFD71E8EE11}.Release|Any CPU.ActiveCfg = Release|iPhoneSimulator
		{25F46A6F-1979-4A7C-969A-9AFD71E8EE11}.Release|Any CPU.Build.0 = Release|iPhoneSimulator
		{25F46A6F-1979-4A7C-969A-9AFD71E8EE11}.Debug|iPhoneSimulator.ActiveCfg = Debug|iPhoneSimulator
		{25F46A6F-1979-4A7C-969A-9AFD71E8EE11}.Debug|iPhoneSimulator.Build.0 = Debug|iPhoneSimulator
		{25F46A6F-1979-4A7C-969A-9AFD71E8EE11}.Release|iPhoneSimulator.ActiveCfg = Release|iPhoneSimulator
		{25F46A6F-1979-4A7C-969A-9AFD71E8EE11}.Release|iPhoneSimulator.Build.0 = Release|iPhoneSimulator
		{25F46A6F-1979-4A7C-969A-9AFD71E8EE11}.Debug|iPhone.ActiveCfg = Debug|iPhone
		{25F46A6F-1979-4A7C-969A-9AFD71E8EE11}.Debug|iPhone.Build.0 = Debug|iPhone
		{25F46A6F-1979-4A7C-969A-9AFD71E8EE11}.Release|iPhone.ActiveCfg = Release|iPhone
		{25F46A6F-1979-4A7C-969A-9AFD71E8EE11}.Release|iPhone.Build.0 = Release|iPhone
		{7DFCC0EB-E8A5-4BDB-B1F6-AECF4FFE6790}.Debug|Any CPU.ActiveCfg = Debug|Any CPU
		{7DFCC0EB-E8A5-4BDB-B1F6-AECF4FFE6790}.Debug|Any CPU.Build.0 = Debug|Any CPU
		{7DFCC0EB-E8A5-4BDB-B1F6-AECF4FFE6790}.Release|Any CPU.ActiveCfg = Release|Any CPU
		{7DFCC0EB-E8A5-4BDB-B1F6-AECF4FFE6790}.Release|Any CPU.Build.0 = Release|Any CPU
		{7DFCC0EB-E8A5-4BDB-B1F6-AECF4FFE6790}.Debug|iPhoneSimulator.ActiveCfg = Debug|Any CPU
		{7DFCC0EB-E8A5-4BDB-B1F6-AECF4FFE6790}.Debug|iPhoneSimulator.Build.0 = Debug|Any CPU
		{7DFCC0EB-E8A5-4BDB-B1F6-AECF4FFE6790}.Release|iPhoneSimulator.ActiveCfg = Release|Any CPU
		{7DFCC0EB-E8A5-4BDB-B1F6-AECF4FFE6790}.Release|iPhoneSimulator.Build.0 = Release|Any CPU
		{7DFCC0EB-E8A5-4BDB-B1F6-AECF4FFE6790}.Debug|iPhone.ActiveCfg = Debug|Any CPU
		{7DFCC0EB-E8A5-4BDB-B1F6-AECF4FFE6790}.Debug|iPhone.Build.0 = Debug|Any CPU
		{7DFCC0EB-E8A5-4BDB-B1F6-AECF4FFE6790}.Release|iPhone.ActiveCfg = Release|Any CPU
		{7DFCC0EB-E8A5-4BDB-B1F6-AECF4FFE6790}.Release|iPhone.Build.0 = Release|Any CPU
	EndGlobalSection
	GlobalSection(SolutionProperties) = preSolution
		HideSolutionNode = FALSE
	EndGlobalSection
	GlobalSection(ExtensibilityGlobals) = postSolution
		SolutionGuid = {FEF1D5B4-7007-4070-8AC0-DEFFFE406D8A}
	EndGlobalSection
EndGlobal
